
Microsoft Visual Studio Solution File, Format Version 12.00
# Visual Studio Version 17
VisualStudioVersion = 17.5.33530.505
MinimumVisualStudioVersion = 10.0.40219.1
Project("{FAE04EC0-301F-11D3-BF4B-00C04F79EFBC}") = "Mi_Primera_Api_2", "Mi_Primera_Api_2.csproj", "{2F4FEE8F-73C6-45AE-A629-9E7DB7647EE2}"
EndProject
Global
	GlobalSection(SolutionConfigurationPlatforms) = preSolution
		Debug|Any CPU = Debug|Any CPU
		Release|Any CPU = Release|Any CPU
	EndGlobalSection
	GlobalSection(ProjectConfigurationPlatforms) = postSolution
		{2F4FEE8F-73C6-45AE-A629-9E7DB7647EE2}.Debug|Any CPU.ActiveCfg = Debug|Any CPU
		{2F4FEE8F-73C6-45AE-A629-9E7DB7647EE2}.Debug|Any CPU.Build.0 = Debug|Any CPU
		{2F4FEE8F-73C6-45AE-A629-9E7DB7647EE2}.Release|Any CPU.ActiveCfg = Release|Any CPU
		{2F4FEE8F-73C6-45AE-A629-9E7DB7647EE2}.Release|Any CPU.Build.0 = Release|Any CPU
	EndGlobalSection
	GlobalSection(SolutionProperties) = preSolution
		HideSolutionNode = FALSE
	EndGlobalSection
	GlobalSection(ExtensibilityGlobals) = postSolution
		SolutionGuid = {3934D11F-53C2-472C-BF34-E4CC25F8F086}
	EndGlobalSection
EndGlobal
